
Microsoft Visual Studio Solution File, Format Version 12.00
# Visual Studio Version 17
VisualStudioVersion = 17.0.32014.148
MinimumVisualStudioVersion = 10.0.40219.1
Project("{FAE04EC0-301F-11D3-BF4B-00C04F79EFBC}") = "week1day2", "week1day2.csproj", "{6C37485D-2471-45E4-A8F0-FF87A6635663}"
EndProject
Global
	GlobalSection(SolutionConfigurationPlatforms) = preSolution
		Debug|Any CPU = Debug|Any CPU
		Release|Any CPU = Release|Any CPU
	EndGlobalSection
	GlobalSection(ProjectConfigurationPlatforms) = postSolution
		{6C37485D-2471-45E4-A8F0-FF87A6635663}.Debug|Any CPU.ActiveCfg = Debug|Any CPU
		{6C37485D-2471-45E4-A8F0-FF87A6635663}.Debug|Any CPU.Build.0 = Debug|Any CPU
		{6C37485D-2471-45E4-A8F0-FF87A6635663}.Release|Any CPU.ActiveCfg = Release|Any CPU
		{6C37485D-2471-45E4-A8F0-FF87A6635663}.Release|Any CPU.Build.0 = Release|Any CPU
	EndGlobalSection
	GlobalSection(SolutionProperties) = preSolution
		HideSolutionNode = FALSE
	EndGlobalSection
	GlobalSection(ExtensibilityGlobals) = postSolution
		SolutionGuid = {7F8D754A-3DE1-4B80-88BC-F74E6A97AEE3}
	EndGlobalSection
EndGlobal
