
Microsoft Visual Studio Solution File, Format Version 12.00
# Visual Studio Version 17
VisualStudioVersion = 17.0.32126.317
MinimumVisualStudioVersion = 10.0.40219.1
Project("{FAE04EC0-301F-11D3-BF4B-00C04F79EFBC}") = "calcAreaPerim", "calcAreaPerim.csproj", "{8B37C543-E604-4435-BC6F-3A95739D4F8A}"
EndProject
Global
	GlobalSection(SolutionConfigurationPlatforms) = preSolution
		Debug|Any CPU = Debug|Any CPU
		Release|Any CPU = Release|Any CPU
	EndGlobalSection
	GlobalSection(ProjectConfigurationPlatforms) = postSolution
		{8B37C543-E604-4435-BC6F-3A95739D4F8A}.Debug|Any CPU.ActiveCfg = Debug|Any CPU
		{8B37C543-E604-4435-BC6F-3A95739D4F8A}.Debug|Any CPU.Build.0 = Debug|Any CPU
		{8B37C543-E604-4435-BC6F-3A95739D4F8A}.Release|Any CPU.ActiveCfg = Release|Any CPU
		{8B37C543-E604-4435-BC6F-3A95739D4F8A}.Release|Any CPU.Build.0 = Release|Any CPU
	EndGlobalSection
	GlobalSection(SolutionProperties) = preSolution
		HideSolutionNode = FALSE
	EndGlobalSection
	GlobalSection(ExtensibilityGlobals) = postSolution
		SolutionGuid = {770415AC-F860-4896-95B0-929B89C57A5E}
	EndGlobalSection
EndGlobal
