
Microsoft Visual Studio Solution File, Format Version 12.00
# Visual Studio Version 17
VisualStudioVersion = 17.0.32014.148
MinimumVisualStudioVersion = 10.0.40219.1
Project("{FAE04EC0-301F-11D3-BF4B-00C04F79EFBC}") = "InvoiceTotal", "InvoiceTotal.csproj", "{F4B4D26F-C333-47DC-8C99-505FBB66703B}"
EndProject
Global
	GlobalSection(SolutionConfigurationPlatforms) = preSolution
		Debug|Any CPU = Debug|Any CPU
		Release|Any CPU = Release|Any CPU
	EndGlobalSection
	GlobalSection(ProjectConfigurationPlatforms) = postSolution
		{F4B4D26F-C333-47DC-8C99-505FBB66703B}.Debug|Any CPU.ActiveCfg = Debug|Any CPU
		{F4B4D26F-C333-47DC-8C99-505FBB66703B}.Debug|Any CPU.Build.0 = Debug|Any CPU
		{F4B4D26F-C333-47DC-8C99-505FBB66703B}.Release|Any CPU.ActiveCfg = Release|Any CPU
		{F4B4D26F-C333-47DC-8C99-505FBB66703B}.Release|Any CPU.Build.0 = Release|Any CPU
	EndGlobalSection
	GlobalSection(SolutionProperties) = preSolution
		HideSolutionNode = FALSE
	EndGlobalSection
	GlobalSection(ExtensibilityGlobals) = postSolution
		SolutionGuid = {B1411FA4-4FB1-4CCA-ADB6-47DA14A28BCE}
	EndGlobalSection
EndGlobal
