
Microsoft Visual Studio Solution File, Format Version 12.00
# Visual Studio Version 17
VisualStudioVersion = 17.1.32328.378
MinimumVisualStudioVersion = 10.0.40219.1
Project("{FAE04EC0-301F-11D3-BF4B-00C04F79EFBC}") = "finalProjectApp", "finalProjectApp.csproj", "{2C52234A-609F-4646-9D83-28B2D8035BDD}"
EndProject
Global
	GlobalSection(SolutionConfigurationPlatforms) = preSolution
		Debug|Any CPU = Debug|Any CPU
		Release|Any CPU = Release|Any CPU
	EndGlobalSection
	GlobalSection(ProjectConfigurationPlatforms) = postSolution
		{2C52234A-609F-4646-9D83-28B2D8035BDD}.Debug|Any CPU.ActiveCfg = Debug|Any CPU
		{2C52234A-609F-4646-9D83-28B2D8035BDD}.Debug|Any CPU.Build.0 = Debug|Any CPU
		{2C52234A-609F-4646-9D83-28B2D8035BDD}.Release|Any CPU.ActiveCfg = Release|Any CPU
		{2C52234A-609F-4646-9D83-28B2D8035BDD}.Release|Any CPU.Build.0 = Release|Any CPU
	EndGlobalSection
	GlobalSection(SolutionProperties) = preSolution
		HideSolutionNode = FALSE
	EndGlobalSection
	GlobalSection(ExtensibilityGlobals) = postSolution
		SolutionGuid = {95EBD59F-03B5-4B6F-BA54-7A66ABF4E65D}
	EndGlobalSection
EndGlobal
